NeoBundleLock vimproc 3e055023dfab4f5a4dfa05a834f9d0cb7294a82e
NeoBundleLock gruvbox 1e2ab2027cf07ff070a5ad7dea2d5d601837ee94
NeoBundleLock unite.vim 5224efa2ee06a97e4982adeb4b67291c62a3cca4
NeoBundleLock vim-snippets 7bdc3b047fbd4663545812b6d4e55cb4ed2fcd50
NeoBundleLock vmustache 0b1a1f709140a0efccd41195efed298bee5cfd27
NeoBundleLock phpcomplete-extended-symfony 05855c40ce715f572a648a235e926a5db297d688
NeoBundleLock vim-surround fa433e0b7330753688f715f3be5d10dc480f20e5
NeoBundleLock vim-commentary 8b4df6ca0ba9cd117d97a8fd26b44b2439d5e3f1
NeoBundleLock pdv 1e98b87f13184e666f58896ff3c5ac5a08b8736a
NeoBundleLock ctrlp.vim b5d3fe66a58a13d2ff8b6391f4387608496a030f
NeoBundleLock phpcomplete-extended 7cd1f9690a2236efb866dfe2de557099b0fceaa1
NeoBundleLock ultisnips 1ad970379edaec1a386bab5ff26c385b9e89a0ff
