NeoBundleLock ctrlp.vim 5731e80a2f21348f451f311bd4e10230a4cdbcd7
NeoBundleLock gruvbox e4ba7abe5ccccc0ebea0e33a4e045f96311020d8
NeoBundleLock pdv 5731e80a2f21348f451f311bd4e10230a4cdbcd7
NeoBundleLock ultisnips 5731e80a2f21348f451f311bd4e10230a4cdbcd7
NeoBundleLock vim-commentary 5731e80a2f21348f451f311bd4e10230a4cdbcd7
NeoBundleLock vim-snippets 5731e80a2f21348f451f311bd4e10230a4cdbcd7
NeoBundleLock vim-surround 5731e80a2f21348f451f311bd4e10230a4cdbcd7
NeoBundleLock vmustache 5731e80a2f21348f451f311bd4e10230a4cdbcd7
